
Microsoft Visual Studio Solution File, Format Version 12.00
# Visual Studio 15
VisualStudioVersion = 15.0.33529.398
MinimumVisualStudioVersion = 10.0.40219.1
Project("{2150E333-8FDC-42A3-9474-1A3956D46DE8}") = "0_thirdparty", "0_thirdparty", "{3EB4F856-3C63-47F9-B2A3-B68B32E4D3D4}"
EndProject
Project("{2150E333-8FDC-42A3-9474-1A3956D46DE8}") = "1_demo", "1_demo", "{DB2D26C4-3FDA-4CE7-BCE6-2E5A9434ABC6}"
EndProject
Project("{8BC9CEB8-8B4A-11D0-8D11-00A0C91BC942}") = "libckcore", "thirdparty\ckcore\libckcore.vcxproj", "{8C6E3FA3-12FB-4C9C-8E7F-43C0E19C78CD}"
EndProject
Project("{2150E333-8FDC-42A3-9474-1A3956D46DE8}") = "tests", "tests", "{28A3D819-C2D3-4991-A4F8-8976132A8F05}"
EndProject
Project("{8BC9CEB8-8B4A-11D0-8D11-00A0C91BC942}") = "filetester", "demo\tests\filetester.vcxproj", "{07C4A19F-347B-4BD8-9BB6-A212E02FF32E}"
EndProject
Project("{8BC9CEB8-8B4A-11D0-8D11-00A0C91BC942}") = "smallclient", "demo\tests\smallclient.vcxproj", "{5B9D921C-13EB-490F-AEEE-79640E3AB558}"
EndProject
Global
	GlobalSection(SolutionConfigurationPlatforms) = preSolution
		Debug|x64 = Debug|x64
		Release|x64 = Release|x64
	EndGlobalSection
	GlobalSection(ProjectConfigurationPlatforms) = postSolution
		{8C6E3FA3-12FB-4C9C-8E7F-43C0E19C78CD}.Debug|x64.ActiveCfg = Debug|x64
		{8C6E3FA3-12FB-4C9C-8E7F-43C0E19C78CD}.Debug|x64.Build.0 = Debug|x64
		{8C6E3FA3-12FB-4C9C-8E7F-43C0E19C78CD}.Release|x64.ActiveCfg = Release|x64
		{8C6E3FA3-12FB-4C9C-8E7F-43C0E19C78CD}.Release|x64.Build.0 = Release|x64
		{07C4A19F-347B-4BD8-9BB6-A212E02FF32E}.Debug|x64.ActiveCfg = Debug|x64
		{07C4A19F-347B-4BD8-9BB6-A212E02FF32E}.Debug|x64.Build.0 = Debug|x64
		{07C4A19F-347B-4BD8-9BB6-A212E02FF32E}.Release|x64.ActiveCfg = Release|x64
		{07C4A19F-347B-4BD8-9BB6-A212E02FF32E}.Release|x64.Build.0 = Release|x64
		{5B9D921C-13EB-490F-AEEE-79640E3AB558}.Debug|x64.ActiveCfg = Debug|x64
		{5B9D921C-13EB-490F-AEEE-79640E3AB558}.Debug|x64.Build.0 = Debug|x64
		{5B9D921C-13EB-490F-AEEE-79640E3AB558}.Release|x64.ActiveCfg = Release|x64
		{5B9D921C-13EB-490F-AEEE-79640E3AB558}.Release|x64.Build.0 = Release|x64
	EndGlobalSection
	GlobalSection(SolutionProperties) = preSolution
		HideSolutionNode = FALSE
	EndGlobalSection
	GlobalSection(NestedProjects) = preSolution
		{8C6E3FA3-12FB-4C9C-8E7F-43C0E19C78CD} = {3EB4F856-3C63-47F9-B2A3-B68B32E4D3D4}
		{28A3D819-C2D3-4991-A4F8-8976132A8F05} = {DB2D26C4-3FDA-4CE7-BCE6-2E5A9434ABC6}
		{07C4A19F-347B-4BD8-9BB6-A212E02FF32E} = {28A3D819-C2D3-4991-A4F8-8976132A8F05}
		{5B9D921C-13EB-490F-AEEE-79640E3AB558} = {28A3D819-C2D3-4991-A4F8-8976132A8F05}
	EndGlobalSection
	GlobalSection(ExtensibilityGlobals) = postSolution
		SolutionGuid = {0DBA7FEA-E023-427D-BC18-0A3B895939B3}
	EndGlobalSection
EndGlobal
